// !$*UTF8*$!
{
	archiveVersion = 1;
	classes = {
	};
	objectVersion = 56;
	objects = {

/* Begin PBXBuildFile section */
		B3434CCB2B498BCB005ADA24 /* FaceFactsApp.swift in Sources */ = {isa = PBXBuildFile; fileRef = B3434CCA2B498BCB005ADA24 /* FaceFactsApp.swift */; };
		B3434CCD2B498BCB005ADA24 /* ContentView.swift in Sources */ = {isa = PBXBuildFile; fileRef = B3434CCC2B498BCB005ADA24 /* ContentView.swift */; };
		B3434CCF2B498BCD005ADA24 /* Assets.xcassets in Resources */ = {isa = PBXBuildFile; fileRef = B3434CCE2B498BCD005ADA24 /* Assets.xcassets */; };
		B3434CD22B498BCD005ADA24 /* Preview Assets.xcassets in Resources */ = {isa = PBXBuildFile; fileRef = B3434CD12B498BCD005ADA24 /* Preview Assets.xcassets */; };
		B3434CD92B498F6F005ADA24 /* Person.swift in Sources */ = {isa = PBXBuildFile; fileRef = B3434CD82B498F6F005ADA24 /* Person.swift */; };
		B3434CDB2B4995D0005ADA24 /* EditPersonView.swift in Sources */ = {isa = PBXBuildFile; fileRef = B3434CDA2B4995D0005ADA24 /* EditPersonView.swift */; };
		B34D5E402B4A9927009978A1 /* PeopleView.swift in Sources */ = {isa = PBXBuildFile; fileRef = B34D5E3F2B4A9927009978A1 /* PeopleView.swift */; };
		B34D5E422B4AE1A3009978A1 /* Event.swift in Sources */ = {isa = PBXBuildFile; fileRef = B34D5E412B4AE1A3009978A1 /* Event.swift */; };
		B34D5E442B4AE3CB009978A1 /* EditEventView.swift in Sources */ = {isa = PBXBuildFile; fileRef = B34D5E432B4AE3CB009978A1 /* EditEventView.swift */; };
		B34D5E462B4AF0DB009978A1 /* Previewer.swift in Sources */ = {isa = PBXBuildFile; fileRef = B34D5E452B4AF0DB009978A1 /* Previewer.swift */; };
/* End PBXBuildFile section */

/* Begin PBXFileReference section */
		B3434CC72B498BCB005ADA24 /* FaceFacts.app */ = {isa = PBXFileReference; explicitFileType = wrapper.application; includeInIndex = 0; path = FaceFacts.app; sourceTree = BUILT_PRODUCTS_DIR; };
		B3434CCA2B498BCB005ADA24 /* FaceFactsApp.swift */ = {isa = PBXFileReference; lastKnownFileType = sourcecode.swift; path = FaceFactsApp.swift; sourceTree = "<group>"; };
		B3434CCC2B498BCB005ADA24 /* ContentView.swift */ = {isa = PBXFileReference; lastKnownFileType = sourcecode.swift; path = ContentView.swift; sourceTree = "<group>"; };
		B3434CCE2B498BCD005ADA24 /* Assets.xcassets */ = {isa = PBXFileReference; lastKnownFileType = folder.assetcatalog; path = Assets.xcassets; sourceTree = "<group>"; };
		B3434CD12B498BCD005ADA24 /* Preview Assets.xcassets */ = {isa = PBXFileReference; lastKnownFileType = folder.assetcatalog; path = "Preview Assets.xcassets"; sourceTree = "<group>"; };
		B3434CD82B498F6F005ADA24 /* Person.swift */ = {isa = PBXFileReference; lastKnownFileType = sourcecode.swift; path = Person.swift; sourceTree = "<group>"; };
		B3434CDA2B4995D0005ADA24 /* EditPersonView.swift */ = {isa = PBXFileReference; lastKnownFileType = sourcecode.swift; path = EditPersonView.swift; sourceTree = "<group>"; };
		B34D5E3F2B4A9927009978A1 /* PeopleView.swift */ = {isa = PBXFileReference; lastKnownFileType = sourcecode.swift; path = PeopleView.swift; sourceTree = "<group>"; };
		B34D5E412B4AE1A3009978A1 /* Event.swift */ = {isa = PBXFileReference; lastKnownFileType = sourcecode.swift; path = Event.swift; sourceTree = "<group>"; };
		B34D5E432B4AE3CB009978A1 /* EditEventView.swift */ = {isa = PBXFileReference; lastKnownFileType = sourcecode.swift; path = EditEventView.swift; sourceTree = "<group>"; };
		B34D5E452B4AF0DB009978A1 /* Previewer.swift */ = {isa = PBXFileReference; lastKnownFileType = sourcecode.swift; path = Previewer.swift; sourceTree = "<group>"; };
/* End PBXFileReference section */

/* Begin PBXFrameworksBuildPhase section */
		B3434CC42B498BCB005ADA24 /* Frameworks */ = {
			isa = PBXFrameworksBuildPhase;
			buildActionMask = 2147483647;
			files = (
			);
			runOnlyForDeploymentPostprocessing = 0;
		};
/* End PBXFrameworksBuildPhase section */

/* Begin PBXGroup section */
		B3434CBE2B498BCB005ADA24 = {
			isa = PBXGroup;
			children = (
				B3434CC92B498BCB005ADA24 /* FaceFacts */,
				B3434CC82B498BCB005ADA24 /* Products */,
			);
			sourceTree = "<group>";
		};
		B3434CC82B498BCB005ADA24 /* Products */ = {
			isa = PBXGroup;
			children = (
				B3434CC72B498BCB005ADA24 /* FaceFacts.app */,
			);
			name = Products;
			sourceTree = "<group>";
		};
		B3434CC92B498BCB005ADA24 /* FaceFacts */ = {
			isa = PBXGroup;
			children = (
				B3434CCA2B498BCB005ADA24 /* FaceFactsApp.swift */,
				B3434CCC2B498BCB005ADA24 /* ContentView.swift */,
				B34D5E3F2B4A9927009978A1 /* PeopleView.swift */,
				B3434CDA2B4995D0005ADA24 /* EditPersonView.swift */,
				B34D5E432B4AE3CB009978A1 /* EditEventView.swift */,
				B3434CD82B498F6F005ADA24 /* Person.swift */,
				B34D5E412B4AE1A3009978A1 /* Event.swift */,
				B34D5E452B4AF0DB009978A1 /* Previewer.swift */,
				B3434CCE2B498BCD005ADA24 /* Assets.xcassets */,
				B3434CD02B498BCD005ADA24 /* Preview Content */,
			);
			path = FaceFacts;
			sourceTree = "<group>";
		};
		B3434CD02B498BCD005ADA24 /* Preview Content */ = {
			isa = PBXGroup;
			children = (
				B3434CD12B498BCD005ADA24 /* Preview Assets.xcassets */,
			);
			path = "Preview Content";
			sourceTree = "<group>";
		};
/* End PBXGroup section */

/* Begin PBXNativeTarget section */
		B3434CC62B498BCB005ADA24 /* FaceFacts */ = {
			isa = PBXNativeTarget;
			buildConfigurationList = B3434CD52B498BCD005ADA24 /* Build configuration list for PBXNativeTarget "FaceFacts" */;
			buildPhases = (
				B3434CC32B498BCB005ADA24 /* Sources */,
				B3434CC42B498BCB005ADA24 /* Frameworks */,
				B3434CC52B498BCB005ADA24 /* Resources */,
			);
			buildRules = (
			);
			dependencies = (
			);
			name = FaceFacts;
			productName = FaceFacts;
			productReference = B3434CC72B498BCB005ADA24 /* FaceFacts.app */;
			productType = "com.apple.product-type.application";
		};
/* End PBXNativeTarget section */

/* Begin PBXProject section */
		B3434CBF2B498BCB005ADA24 /* Project object */ = {
			isa = PBXProject;
			attributes = {
				BuildIndependentTargetsInParallel = 1;
				LastSwiftUpdateCheck = 1510;
				LastUpgradeCheck = 1510;
				TargetAttributes = {
					B3434CC62B498BCB005ADA24 = {
						CreatedOnToolsVersion = 15.1;
					};
				};
			};
			buildConfigurationList = B3434CC22B498BCB005ADA24 /* Build configuration list for PBXProject "FaceFacts" */;
			compatibilityVersion = "Xcode 14.0";
			developmentRegion = en;
			hasScannedForEncodings = 0;
			knownRegions = (
				en,
				Base,
			);
			mainGroup = B3434CBE2B498BCB005ADA24;
			productRefGroup = B3434CC82B498BCB005ADA24 /* Products */;
			projectDirPath = "";
			projectRoot = "";
			targets = (
				B3434CC62B498BCB005ADA24 /* FaceFacts */,
			);
		};
/* End PBXProject section */

/* Begin PBXResourcesBuildPhase section */
		B3434CC52B498BCB005ADA24 /* Resources */ = {
			isa = PBXResourcesBuildPhase;
			buildActionMask = 2147483647;
			files = (
				B3434CD22B498BCD005ADA24 /* Preview Assets.xcassets in Resources */,
				B3434CCF2B498BCD005ADA24 /* Assets.xcassets in Resources */,
			);
			runOnlyForDeploymentPostprocessing = 0;
		};
/* End PBXResourcesBuildPhase section */

/* Begin PBXSourcesBuildPhase section */
		B3434CC32B498BCB005ADA24 /* Sources */ = {
			isa = PBXSourcesBuildPhase;
			buildActionMask = 2147483647;
			files = (
				B3434CD92B498F6F005ADA24 /* Person.swift in Sources */,
				B34D5E402B4A9927009978A1 /* PeopleView.swift in Sources */,
				B3434CCD2B498BCB005ADA24 /* ContentView.swift in Sources */,
				B34D5E462B4AF0DB009978A1 /* Previewer.swift in Sources */,
				B3434CCB2B498BCB005ADA24 /* FaceFactsApp.swift in Sources */,
				B34D5E422B4AE1A3009978A1 /* Event.swift in Sources */,
				B3434CDB2B4995D0005ADA24 /* EditPersonView.swift in Sources */,
				B34D5E442B4AE3CB009978A1 /* EditEventView.swift in Sources */,
			);
			runOnlyForDeploymentPostprocessing = 0;
		};
/* End PBXSourcesBuildPhase section */

/* Begin XCBuildConfiguration section */
		B3434CD32B498BCD005ADA24 /* Debug */ = {
			isa = XCBuildConfiguration;
			buildSettings = {
				ALWAYS_SEARCH_USER_PATHS = NO;
				ASSETCATALOG_COMPILER_GENERATE_SWIFT_ASSET_SYMBOL_EXTENSIONS = YES;
				CLANG_ANALYZER_NONNULL = YES;
				CLANG_ANALYZER_NUMBER_OBJECT_CONVERSION = YES_AGGRESSIVE;
				CLANG_CXX_LANGUAGE_STANDARD = "gnu++20";
				CLANG_ENABLE_MODULES = YES;
				CLANG_ENABLE_OBJC_ARC = YES;
				CLANG_ENABLE_OBJC_WEAK = YES;
				CLANG_WARN_BLOCK_CAPTURE_AUTORELEASING = YES;
				CLANG_WARN_BOOL_CONVERSION = YES;
				CLANG_WARN_COMMA = YES;
				CLANG_WARN_CONSTANT_CONVERSION = YES;
				CLANG_WARN_DEPRECATED_OBJC_IMPLEMENTATIONS = YES;
				CLANG_WARN_DIRECT_OBJC_ISA_USAGE = YES_ERROR;
				CLANG_WARN_DOCUMENTATION_COMMENTS = YES;
				CLANG_WARN_EMPTY_BODY = YES;
				CLANG_WARN_ENUM_CONVERSION = YES;
				CLANG_WARN_INFINITE_RECURSION = YES;
				CLANG_WARN_INT_CONVERSION = YES;
				CLANG_WARN_NON_LITERAL_NULL_CONVERSION = YES;
				CLANG_WARN_OBJC_IMPLICIT_RETAIN_SELF = YES;
				CLANG_WARN_OBJC_LITERAL_CONVERSION = YES;
				CLANG_WARN_OBJC_ROOT_CLASS = YES_ERROR;
				CLANG_WARN_QUOTED_INCLUDE_IN_FRAMEWORK_HEADER = YES;
				CLANG_WARN_RANGE_LOOP_ANALYSIS = YES;
				CLANG_WARN_STRICT_PROTOTYPES = YES;
				CLANG_WARN_SUSPICIOUS_MOVE = YES;
				CLANG_WARN_UNGUARDED_AVAILABILITY = YES_AGGRESSIVE;
				CLANG_WARN_UNREACHABLE_CODE = YES;
				CLANG_WARN__DUPLICATE_METHOD_MATCH = YES;
				COPY_PHASE_STRIP = NO;
				DEBUG_INFORMATION_FORMAT = dwarf;
				ENABLE_STRICT_OBJC_MSGSEND = YES;
				ENABLE_TESTABILITY = YES;
				ENABLE_USER_SCRIPT_SANDBOXING = YES;
				GCC_C_LANGUAGE_STANDARD = gnu17;
				GCC_DYNAMIC_NO_PIC = NO;
				GCC_NO_COMMON_BLOCKS = YES;
				GCC_OPTIMIZATION_LEVEL = 0;
				GCC_PREPROCESSOR_DEFINITIONS = (
					"DEBUG=1",
					"$(inherited)",
				);
				GCC_WARN_64_TO_32_BIT_CONVERSION = YES;
				GCC_WARN_ABOUT_RETURN_TYPE = YES_ERROR;
				GCC_WARN_UNDECLARED_SELECTOR = YES;
				GCC_WARN_UNINITIALIZED_AUTOS = YES_AGGRESSIVE;
				GCC_WARN_UNUSED_FUNCTION = YES;
				GCC_WARN_UNUSED_VARIABLE = YES;
				IPHONEOS_DEPLOYMENT_TARGET = 17.2;
				LOCALIZATION_PREFERS_STRING_CATALOGS = YES;
				MTL_ENABLE_DEBUG_INFO = INCLUDE_SOURCE;
				MTL_FAST_MATH = YES;
				ONLY_ACTIVE_ARCH = YES;
				SDKROOT = iphoneos;
				SWIFT_ACTIVE_COMPILATION_CONDITIONS = "DEBUG $(inherited)";
				SWIFT_OPTIMIZATION_LEVEL = "-Onone";
			};
			name = Debug;
		};
		B3434CD42B498BCD005ADA24 /* Release */ = {
			isa = XCBuildConfiguration;
			buildSettings = {
				ALWAYS_SEARCH_USER_PATHS = NO;
				ASSETCATALOG_COMPILER_GENERATE_SWIFT_ASSET_SYMBOL_EXTENSIONS = YES;
				CLANG_ANALYZER_NONNULL = YES;
				CLANG_ANALYZER_NUMBER_OBJECT_CONVERSION = YES_AGGRESSIVE;
				CLANG_CXX_LANGUAGE_STANDARD = "gnu++20";
				CLANG_ENABLE_MODULES = YES;
				CLANG_ENABLE_OBJC_ARC = YES;
				CLANG_ENABLE_OBJC_WEAK = YES;
				CLANG_WARN_BLOCK_CAPTURE_AUTORELEASING = YES;
				CLANG_WARN_BOOL_CONVERSION = YES;
				CLANG_WARN_COMMA = YES;
				CLANG_WARN_CONSTANT_CONVERSION = YES;
				CLANG_WARN_DEPRECATED_OBJC_IMPLEMENTATIONS = YES;
				CLANG_WARN_DIRECT_OBJC_ISA_USAGE = YES_ERROR;
				CLANG_WARN_DOCUMENTATION_COMMENTS = YES;
				CLANG_WARN_EMPTY_BODY = YES;
				CLANG_WARN_ENUM_CONVERSION = YES;
				CLANG_WARN_INFINITE_RECURSION = YES;
				CLANG_WARN_INT_CONVERSION = YES;
				CLANG_WARN_NON_LITERAL_NULL_CONVERSION = YES;
				CLANG_WARN_OBJC_IMPLICIT_RETAIN_SELF = YES;
				CLANG_WARN_OBJC_LITERAL_CONVERSION = YES;
				CLANG_WARN_OBJC_ROOT_CLASS = YES_ERROR;
				CLANG_WARN_QUOTED_INCLUDE_IN_FRAMEWORK_HEADER = YES;
				CLANG_WARN_RANGE_LOOP_ANALYSIS = YES;
				CLANG_WARN_STRICT_PROTOTYPES = YES;
				CLANG_WARN_SUSPICIOUS_MOVE = YES;
				CLANG_WARN_UNGUARDED_AVAILABILITY = YES_AGGRESSIVE;
				CLANG_WARN_UNREACHABLE_CODE = YES;
				CLANG_WARN__DUPLICATE_METHOD_MATCH = YES;
				COPY_PHASE_STRIP = NO;
				DEBUG_INFORMATION_FORMAT = "dwarf-with-dsym";
				ENABLE_NS_ASSERTIONS = NO;
				ENABLE_STRICT_OBJC_MSGSEND = YES;
				ENABLE_USER_SCRIPT_SANDBOXING = YES;
				GCC_C_LANGUAGE_STANDARD = gnu17;
				GCC_NO_COMMON_BLOCKS = YES;
				GCC_WARN_64_TO_32_BIT_CONVERSION = YES;
				GCC_WARN_ABOUT_RETURN_TYPE = YES_ERROR;
				GCC_WARN_UNDECLARED_SELECTOR = YES;
				GCC_WARN_UNINITIALIZED_AUTOS = YES_AGGRESSIVE;
				GCC_WARN_UNUSED_FUNCTION = YES;
				GCC_WARN_UNUSED_VARIABLE = YES;
				IPHONEOS_DEPLOYMENT_TARGET = 17.2;
				LOCALIZATION_PREFERS_STRING_CATALOGS = YES;
				MTL_ENABLE_DEBUG_INFO = NO;
				MTL_FAST_MATH = YES;
				SDKROOT = iphoneos;
				SWIFT_COMPILATION_MODE = wholemodule;
				VALIDATE_PRODUCT = YES;
			};
			name = Release;
		};
		B3434CD62B498BCD005ADA24 /* Debug */ = {
			isa = XCBuildConfiguration;
			buildSettings = {
				ASSETCATALOG_COMPILER_APPICON_NAME = AppIcon;
				ASSETCATALOG_COMPILER_GLOBAL_ACCENT_COLOR_NAME = AccentColor;
				CODE_SIGN_STYLE = Automatic;
				CURRENT_PROJECT_VERSION = 1;
				DEVELOPMENT_ASSET_PATHS = "\"FaceFacts/Preview Content\"";
				DEVELOPMENT_TEAM = M4DL5JS387;
				ENABLE_PREVIEWS = YES;
				GENERATE_INFOPLIST_FILE = YES;
				INFOPLIST_KEY_UIApplicationSceneManifest_Generation = YES;
				INFOPLIST_KEY_UIApplicationSupportsIndirectInputEvents = YES;
				INFOPLIST_KEY_UILaunchScreen_Generation = YES;
				INFOPLIST_KEY_UISupportedInterfaceOrientations_iPad = "UIInterfaceOrientationPortrait UIInterfaceOrientationPortraitUpsideDown UIInterfaceOrientationLandscapeLeft UIInterfaceOrientationLandscapeRight";
				INFOPLIST_KEY_UISupportedInterfaceOrientations_iPhone = "UIInterfaceOrientationPortrait UIInterfaceOrientationLandscapeLeft UIInterfaceOrientationLandscapeRight";
				LD_RUNPATH_SEARCH_PATHS = (
					"$(inherited)",
					"@executable_path/Frameworks",
				);
				MARKETING_VERSION = 1.0;
				PRODUCT_BUNDLE_IDENTIFIER = me.barnett.leo.FaceFacts;
				PRODUCT_NAME = "$(TARGET_NAME)";
				SWIFT_EMIT_LOC_STRINGS = YES;
				SWIFT_VERSION = 5.0;
				TARGETED_DEVICE_FAMILY = "1,2";
			};
			name = Debug;
		};
		B3434CD72B498BCD005ADA24 /* Release */ = {
			isa = XCBuildConfiguration;
			buildSettings = {
				ASSETCATALOG_COMPILER_APPICON_NAME = AppIcon;
				ASSETCATALOG_COMPILER_GLOBAL_ACCENT_COLOR_NAME = AccentColor;
				CODE_SIGN_STYLE = Automatic;
				CURRENT_PROJECT_VERSION = 1;
				DEVELOPMENT_ASSET_PATHS = "\"FaceFacts/Preview Content\"";
				DEVELOPMENT_TEAM = M4DL5JS387;
				ENABLE_PREVIEWS = YES;
				GENERATE_INFOPLIST_FILE = YES;
				INFOPLIST_KEY_UIApplicationSceneManifest_Generation = YES;
				INFOPLIST_KEY_UIApplicationSupportsIndirectInputEvents = YES;
				INFOPLIST_KEY_UILaunchScreen_Generation = YES;
				INFOPLIST_KEY_UISupportedInterfaceOrientations_iPad = "UIInterfaceOrientationPortrait UIInterfaceOrientationPortraitUpsideDown UIInterfaceOrientationLandscapeLeft UIInterfaceOrientationLandscapeRight";
				INFOPLIST_KEY_UISupportedInterfaceOrientations_iPhone = "UIInterfaceOrientationPortrait UIInterfaceOrientationLandscapeLeft UIInterfaceOrientationLandscapeRight";
				LD_RUNPATH_SEARCH_PATHS = (
					"$(inherited)",
					"@executable_path/Frameworks",
				);
				MARKETING_VERSION = 1.0;
				PRODUCT_BUNDLE_IDENTIFIER = me.barnett.leo.FaceFacts;
				PRODUCT_NAME = "$(TARGET_NAME)";
				SWIFT_EMIT_LOC_STRINGS = YES;
				SWIFT_VERSION = 5.0;
				TARGETED_DEVICE_FAMILY = "1,2";
			};
			name = Release;
		};
/* End XCBuildConfiguration section */

/* Begin XCConfigurationList section */
		B3434CC22B498BCB005ADA24 /* Build configuration list for PBXProject "FaceFacts" */ = {
			isa = XCConfigurationList;
			buildConfigurations = (
				B3434CD32B498BCD005ADA24 /* Debug */,
				B3434CD42B498BCD005ADA24 /* Release */,
			);
			defaultConfigurationIsVisible = 0;
			defaultConfigurationName = Release;
		};
		B3434CD52B498BCD005ADA24 /* Build configuration list for PBXNativeTarget "FaceFacts" */ = {
			isa = XCConfigurationList;
			buildConfigurations = (
				B3434CD62B498BCD005ADA24 /* Debug */,
				B3434CD72B498BCD005ADA24 /* Release */,
			);
			defaultConfigurationIsVisible = 0;
			defaultConfigurationName = Release;
		};
/* End XCConfigurationList section */
	};
	rootObject = B3434CBF2B498BCB005ADA24 /* Project object */;
}
